
Microsoft Visual Studio Solution File, Format Version 12.00
# Visual Studio Version 17
VisualStudioVersion = 17.4.33110.190
MinimumVisualStudioVersion = 10.0.40219.1
Project("{FAE04EC0-301F-11D3-BF4B-00C04F79EFBC}") = "Lab2_KazanovAlexandr", "Lab2_KazanovAlexandr.csproj", "{12E27F22-BA62-4785-9F17-456BA9199217}"
EndProject
Global
	GlobalSection(SolutionConfigurationPlatforms) = preSolution
		Debug|Any CPU = Debug|Any CPU
		Release|Any CPU = Release|Any CPU
	EndGlobalSection
	GlobalSection(ProjectConfigurationPlatforms) = postSolution
		{12E27F22-BA62-4785-9F17-456BA9199217}.Debug|Any CPU.ActiveCfg = Debug|Any CPU
		{12E27F22-BA62-4785-9F17-456BA9199217}.Debug|Any CPU.Build.0 = Debug|Any CPU
		{12E27F22-BA62-4785-9F17-456BA9199217}.Release|Any CPU.ActiveCfg = Release|Any CPU
		{12E27F22-BA62-4785-9F17-456BA9199217}.Release|Any CPU.Build.0 = Release|Any CPU
	EndGlobalSection
	GlobalSection(SolutionProperties) = preSolution
		HideSolutionNode = FALSE
	EndGlobalSection
	GlobalSection(ExtensibilityGlobals) = postSolution
		SolutionGuid = {7A6077E6-873D-425D-9B0A-382CC02FC7EB}
	EndGlobalSection
EndGlobal
